
Microsoft Visual Studio Solution File, Format Version 12.00
# Visual Studio Version 16
VisualStudioVersion = 16.0.31424.327
MinimumVisualStudioVersion = 10.0.40219.1
Project("{2150E333-8FDC-42A3-9474-1A3956D46DE8}") = "Readme", "Readme", "{BE9FEAAB-B96B-467D-9FCD-088CDEA4698D}"
	ProjectSection(SolutionItems) = preProject
		README.md = README.md
	EndProjectSection
EndProject
Project("{9A19103F-16F7-4668-BE54-9A1E7A4F7556}") = "WebDotnetCore.db.sqlservr", "WebDotnetCore.db.sqlservr\WebDotnetCore.db.sqlservr.csproj", "{504CF242-0B53-4175-BDD5-C9DDA8FFB9B0}"
EndProject
Project("{9A19103F-16F7-4668-BE54-9A1E7A4F7556}") = "WebDotnetCore.db.sqlservr.yz", "WebDotnetCore.db.sqlservr.yz\WebDotnetCore.db.sqlservr.yz.csproj", "{7BBDD335-C656-497C-BA9E-9E723A59E205}"
EndProject
Project("{2150E333-8FDC-42A3-9474-1A3956D46DE8}") = "Cert", "Cert", "{A9B91010-CD2C-4945-AB6B-CA0430F4A340}"
	ProjectSection(SolutionItems) = preProject
		Cert\PdfCert.pfx = Cert\PdfCert.pfx
		Cert\WebRootCA.cer = Cert\WebRootCA.cer
		Cert\WebRootCA.pfx = Cert\WebRootCA.pfx
	EndProjectSection
EndProject
Project("{2150E333-8FDC-42A3-9474-1A3956D46DE8}") = "Library", "Library", "{20646B03-B915-48D7-9118-58AFE02FDC0C}"
EndProject
Project("{9A19103F-16F7-4668-BE54-9A1E7A4F7556}") = "WebTypeScript", "WebTypeScript\WebTypeScript.csproj", "{31FAE4D1-AC1B-4D0D-ABD6-929871AC5E66}"
EndProject
Project("{2150E333-8FDC-42A3-9474-1A3956D46DE8}") = "WebApi", "WebApi", "{ACBDA220-5958-4AEC-96CF-83DC1AB888DA}"
	ProjectSection(SolutionItems) = preProject
		WebApi\.dockerignore = WebApi\.dockerignore
		WebApi\Dockerfile = WebApi\Dockerfile
	EndProjectSection
EndProject
Project("{9A19103F-16F7-4668-BE54-9A1E7A4F7556}") = "AdminLte", "WebAdmin\AdminLte\AdminLte.csproj", "{7F2E3AFA-F8C1-4218-B675-4639BAFFB220}"
EndProject
Project("{2150E333-8FDC-42A3-9474-1A3956D46DE8}") = "Database", "Database", "{8F5403C8-4EC5-4E2D-8949-674C89EDA34D}"
	ProjectSection(SolutionItems) = preProject
		Database\Chat.Web.db = Database\Chat.Web.db
		Database\Chat.Web.db.sql = Database\Chat.Web.db.sql
		Database\Chat.Web.MSSQL.sql = Database\Chat.Web.MSSQL.sql
		Database\Grafana.txt = Database\Grafana.txt
		Database\InfluxDB.txt = Database\InfluxDB.txt
		Database\Prometheus.txt = Database\Prometheus.txt
		Database\WebDotnetCoreLocalDB.ldf = Database\WebDotnetCoreLocalDB.ldf
		Database\WebDotnetCoreLocalDB.mdf = Database\WebDotnetCoreLocalDB.mdf
	EndProjectSection
EndProject
Project("{2150E333-8FDC-42A3-9474-1A3956D46DE8}") = "screenshots", "screenshots", "{B8C493CA-243D-4591-9EA9-B65EEC5796AF}"
	ProjectSection(SolutionItems) = preProject
		screenshots\1531301068283.png = screenshots\1531301068283.png
		screenshots\1531305764608.png = screenshots\1531305764608.png
		screenshots\1531310511509.png = screenshots\1531310511509.png
		screenshots\1531370339487.png = screenshots\1531370339487.png
		screenshots\1531385181743.png = screenshots\1531385181743.png
		screenshots\1531823873919.png = screenshots\1531823873919.png
		screenshots\1531824242125.png = screenshots\1531824242125.png
		screenshots\1531884193672.png = screenshots\1531884193672.png
	EndProjectSection
EndProject
Project("{9A19103F-16F7-4668-BE54-9A1E7A4F7556}") = "WebCore", "Library\WebCore\WebCore.csproj", "{B8507134-DC3E-4BA9-9393-20DC753F78A1}"
EndProject
Project("{9A19103F-16F7-4668-BE54-9A1E7A4F7556}") = "WebFramework", "Library\WebFramework\WebFramework.csproj", "{4A567BD9-80AB-4D23-B51B-5192C3F6A975}"
EndProject
Project("{9A19103F-16F7-4668-BE54-9A1E7A4F7556}") = "Hangfire.LiteDB", "Library\Hangfire.LiteDB\Hangfire.LiteDB.csproj", "{F8551A22-463F-43CC-9C2B-50F01A5BD65A}"
EndProject
Project("{9A19103F-16F7-4668-BE54-9A1E7A4F7556}") = "Identity.LiteDB", "Library\Identity.LiteDB\Identity.LiteDB.csproj", "{4B5D34EC-58FE-4E95-8520-2D0FAB6DCFE0}"
EndProject
Project("{9A19103F-16F7-4668-BE54-9A1E7A4F7556}") = "WebInterface", "Library\WebInterface\WebInterface.csproj", "{A4D8FDE3-7271-493F-9C77-0130867392F3}"
EndProject
Project("{FAE04EC0-301F-11D3-BF4B-00C04F79EFBC}") = "ApiDemo.NET5.TT", "WebApi\ApiDemo.NET5.TT\ApiDemo.NET5.TT.csproj", "{599331E4-101D-4B28-BDBF-7882C663BB59}"
EndProject
Project("{9A19103F-16F7-4668-BE54-9A1E7A4F7556}") = "ApiDemo.NET5", "WebApi\ApiDemo.NET5\ApiDemo.NET5.csproj", "{6E704561-F525-452E-8C0C-040D5A3C10FE}"
EndProject
Project("{2150E333-8FDC-42A3-9474-1A3956D46DE8}") = "WebChat", "WebChat", "{40634868-C78D-4B2B-B08C-4E987CFF2A97}"
EndProject
Project("{9A19103F-16F7-4668-BE54-9A1E7A4F7556}") = "Chat.Web", "WebChat\Chat.Web\Chat.Web.csproj", "{F1E3B086-ECE7-4D64-A101-9F10CCC4E1A4}"
EndProject
Project("{9A19103F-16F7-4668-BE54-9A1E7A4F7556}") = "Chat.Desktop", "WebChat\Chat.Desktop\Chat.Desktop.csproj", "{38F2C68E-9D8A-4EC2-8BB9-B746B254C5E8}"
EndProject
Project("{2150E333-8FDC-42A3-9474-1A3956D46DE8}") = "Microservice", "Microservice", "{40A3A782-CB2E-45EF-AB7A-5ACCC1D54A9D}"
EndProject
Project("{9A19103F-16F7-4668-BE54-9A1E7A4F7556}") = "NATS.Services", "Microservice\NATS.Services\NATS.Services.csproj", "{6618171F-A2F7-4013-B893-A632AE96605A}"
EndProject
Project("{2150E333-8FDC-42A3-9474-1A3956D46DE8}") = "WebMVC", "WebMVC", "{5E64D8FA-6645-4EE1-845F-A09DA37F2482}"
EndProject
Global
	GlobalSection(SolutionConfigurationPlatforms) = preSolution
		Debug|Any CPU = Debug|Any CPU
		Release|Any CPU = Release|Any CPU
		Validate|Any CPU = Validate|Any CPU
	EndGlobalSection
	GlobalSection(ProjectConfigurationPlatforms) = postSolution
		{504CF242-0B53-4175-BDD5-C9DDA8FFB9B0}.Debug|Any CPU.ActiveCfg = Debug|Any CPU
		{504CF242-0B53-4175-BDD5-C9DDA8FFB9B0}.Debug|Any CPU.Build.0 = Debug|Any CPU
		{504CF242-0B53-4175-BDD5-C9DDA8FFB9B0}.Release|Any CPU.ActiveCfg = Release|Any CPU
		{504CF242-0B53-4175-BDD5-C9DDA8FFB9B0}.Release|Any CPU.Build.0 = Release|Any CPU
		{504CF242-0B53-4175-BDD5-C9DDA8FFB9B0}.Validate|Any CPU.ActiveCfg = Release|Any CPU
		{504CF242-0B53-4175-BDD5-C9DDA8FFB9B0}.Validate|Any CPU.Build.0 = Release|Any CPU
		{7BBDD335-C656-497C-BA9E-9E723A59E205}.Debug|Any CPU.ActiveCfg = Debug|Any CPU
		{7BBDD335-C656-497C-BA9E-9E723A59E205}.Debug|Any CPU.Build.0 = Debug|Any CPU
		{7BBDD335-C656-497C-BA9E-9E723A59E205}.Release|Any CPU.ActiveCfg = Release|Any CPU
		{7BBDD335-C656-497C-BA9E-9E723A59E205}.Release|Any CPU.Build.0 = Release|Any CPU
		{7BBDD335-C656-497C-BA9E-9E723A59E205}.Validate|Any CPU.ActiveCfg = Release|Any CPU
		{7BBDD335-C656-497C-BA9E-9E723A59E205}.Validate|Any CPU.Build.0 = Release|Any CPU
		{31FAE4D1-AC1B-4D0D-ABD6-929871AC5E66}.Debug|Any CPU.ActiveCfg = Debug|Any CPU
		{31FAE4D1-AC1B-4D0D-ABD6-929871AC5E66}.Debug|Any CPU.Build.0 = Debug|Any CPU
		{31FAE4D1-AC1B-4D0D-ABD6-929871AC5E66}.Release|Any CPU.ActiveCfg = Release|Any CPU
		{31FAE4D1-AC1B-4D0D-ABD6-929871AC5E66}.Release|Any CPU.Build.0 = Release|Any CPU
		{31FAE4D1-AC1B-4D0D-ABD6-929871AC5E66}.Validate|Any CPU.ActiveCfg = Debug|Any CPU
		{31FAE4D1-AC1B-4D0D-ABD6-929871AC5E66}.Validate|Any CPU.Build.0 = Debug|Any CPU
		{7F2E3AFA-F8C1-4218-B675-4639BAFFB220}.Debug|Any CPU.ActiveCfg = Debug|Any CPU
		{7F2E3AFA-F8C1-4218-B675-4639BAFFB220}.Debug|Any CPU.Build.0 = Debug|Any CPU
		{7F2E3AFA-F8C1-4218-B675-4639BAFFB220}.Release|Any CPU.ActiveCfg = Release|Any CPU
		{7F2E3AFA-F8C1-4218-B675-4639BAFFB220}.Release|Any CPU.Build.0 = Release|Any CPU
		{7F2E3AFA-F8C1-4218-B675-4639BAFFB220}.Validate|Any CPU.ActiveCfg = Debug|Any CPU
		{7F2E3AFA-F8C1-4218-B675-4639BAFFB220}.Validate|Any CPU.Build.0 = Debug|Any CPU
		{B8507134-DC3E-4BA9-9393-20DC753F78A1}.Debug|Any CPU.ActiveCfg = Debug|Any CPU
		{B8507134-DC3E-4BA9-9393-20DC753F78A1}.Debug|Any CPU.Build.0 = Debug|Any CPU
		{B8507134-DC3E-4BA9-9393-20DC753F78A1}.Release|Any CPU.ActiveCfg = Release|Any CPU
		{B8507134-DC3E-4BA9-9393-20DC753F78A1}.Release|Any CPU.Build.0 = Release|Any CPU
		{B8507134-DC3E-4BA9-9393-20DC753F78A1}.Validate|Any CPU.ActiveCfg = Validate|Any CPU
		{B8507134-DC3E-4BA9-9393-20DC753F78A1}.Validate|Any CPU.Build.0 = Validate|Any CPU
		{4A567BD9-80AB-4D23-B51B-5192C3F6A975}.Debug|Any CPU.ActiveCfg = Debug|Any CPU
		{4A567BD9-80AB-4D23-B51B-5192C3F6A975}.Debug|Any CPU.Build.0 = Debug|Any CPU
		{4A567BD9-80AB-4D23-B51B-5192C3F6A975}.Release|Any CPU.ActiveCfg = Release|Any CPU
		{4A567BD9-80AB-4D23-B51B-5192C3F6A975}.Release|Any CPU.Build.0 = Release|Any CPU
		{4A567BD9-80AB-4D23-B51B-5192C3F6A975}.Validate|Any CPU.ActiveCfg = Debug|Any CPU
		{4A567BD9-80AB-4D23-B51B-5192C3F6A975}.Validate|Any CPU.Build.0 = Debug|Any CPU
		{F8551A22-463F-43CC-9C2B-50F01A5BD65A}.Debug|Any CPU.ActiveCfg = Debug|Any CPU
		{F8551A22-463F-43CC-9C2B-50F01A5BD65A}.Debug|Any CPU.Build.0 = Debug|Any CPU
		{F8551A22-463F-43CC-9C2B-50F01A5BD65A}.Release|Any CPU.ActiveCfg = Release|Any CPU
		{F8551A22-463F-43CC-9C2B-50F01A5BD65A}.Release|Any CPU.Build.0 = Release|Any CPU
		{F8551A22-463F-43CC-9C2B-50F01A5BD65A}.Validate|Any CPU.ActiveCfg = Debug|Any CPU
		{F8551A22-463F-43CC-9C2B-50F01A5BD65A}.Validate|Any CPU.Build.0 = Debug|Any CPU
		{4B5D34EC-58FE-4E95-8520-2D0FAB6DCFE0}.Debug|Any CPU.ActiveCfg = Debug|Any CPU
		{4B5D34EC-58FE-4E95-8520-2D0FAB6DCFE0}.Debug|Any CPU.Build.0 = Debug|Any CPU
		{4B5D34EC-58FE-4E95-8520-2D0FAB6DCFE0}.Release|Any CPU.ActiveCfg = Release|Any CPU
		{4B5D34EC-58FE-4E95-8520-2D0FAB6DCFE0}.Release|Any CPU.Build.0 = Release|Any CPU
		{4B5D34EC-58FE-4E95-8520-2D0FAB6DCFE0}.Validate|Any CPU.ActiveCfg = Debug|Any CPU
		{4B5D34EC-58FE-4E95-8520-2D0FAB6DCFE0}.Validate|Any CPU.Build.0 = Debug|Any CPU
		{A4D8FDE3-7271-493F-9C77-0130867392F3}.Debug|Any CPU.ActiveCfg = Debug|Any CPU
		{A4D8FDE3-7271-493F-9C77-0130867392F3}.Debug|Any CPU.Build.0 = Debug|Any CPU
		{A4D8FDE3-7271-493F-9C77-0130867392F3}.Release|Any CPU.ActiveCfg = Release|Any CPU
		{A4D8FDE3-7271-493F-9C77-0130867392F3}.Release|Any CPU.Build.0 = Release|Any CPU
		{A4D8FDE3-7271-493F-9C77-0130867392F3}.Validate|Any CPU.ActiveCfg = Debug|Any CPU
		{A4D8FDE3-7271-493F-9C77-0130867392F3}.Validate|Any CPU.Build.0 = Debug|Any CPU
		{599331E4-101D-4B28-BDBF-7882C663BB59}.Debug|Any CPU.ActiveCfg = Debug|Any CPU
		{599331E4-101D-4B28-BDBF-7882C663BB59}.Debug|Any CPU.Build.0 = Debug|Any CPU
		{599331E4-101D-4B28-BDBF-7882C663BB59}.Release|Any CPU.ActiveCfg = Release|Any CPU
		{599331E4-101D-4B28-BDBF-7882C663BB59}.Release|Any CPU.Build.0 = Release|Any CPU
		{599331E4-101D-4B28-BDBF-7882C663BB59}.Validate|Any CPU.ActiveCfg = Debug|Any CPU
		{599331E4-101D-4B28-BDBF-7882C663BB59}.Validate|Any CPU.Build.0 = Debug|Any CPU
		{6E704561-F525-452E-8C0C-040D5A3C10FE}.Debug|Any CPU.ActiveCfg = Debug|Any CPU
		{6E704561-F525-452E-8C0C-040D5A3C10FE}.Debug|Any CPU.Build.0 = Debug|Any CPU
		{6E704561-F525-452E-8C0C-040D5A3C10FE}.Release|Any CPU.ActiveCfg = Release|Any CPU
		{6E704561-F525-452E-8C0C-040D5A3C10FE}.Release|Any CPU.Build.0 = Release|Any CPU
		{6E704561-F525-452E-8C0C-040D5A3C10FE}.Validate|Any CPU.ActiveCfg = Debug|Any CPU
		{6E704561-F525-452E-8C0C-040D5A3C10FE}.Validate|Any CPU.Build.0 = Debug|Any CPU
		{F1E3B086-ECE7-4D64-A101-9F10CCC4E1A4}.Debug|Any CPU.ActiveCfg = Debug|Any CPU
		{F1E3B086-ECE7-4D64-A101-9F10CCC4E1A4}.Debug|Any CPU.Build.0 = Debug|Any CPU
		{F1E3B086-ECE7-4D64-A101-9F10CCC4E1A4}.Release|Any CPU.ActiveCfg = Release|Any CPU
		{F1E3B086-ECE7-4D64-A101-9F10CCC4E1A4}.Release|Any CPU.Build.0 = Release|Any CPU
		{F1E3B086-ECE7-4D64-A101-9F10CCC4E1A4}.Validate|Any CPU.ActiveCfg = Debug|Any CPU
		{F1E3B086-ECE7-4D64-A101-9F10CCC4E1A4}.Validate|Any CPU.Build.0 = Debug|Any CPU
		{38F2C68E-9D8A-4EC2-8BB9-B746B254C5E8}.Debug|Any CPU.ActiveCfg = Debug|Any CPU
		{38F2C68E-9D8A-4EC2-8BB9-B746B254C5E8}.Debug|Any CPU.Build.0 = Debug|Any CPU
		{38F2C68E-9D8A-4EC2-8BB9-B746B254C5E8}.Release|Any CPU.ActiveCfg = Release|Any CPU
		{38F2C68E-9D8A-4EC2-8BB9-B746B254C5E8}.Release|Any CPU.Build.0 = Release|Any CPU
		{38F2C68E-9D8A-4EC2-8BB9-B746B254C5E8}.Validate|Any CPU.ActiveCfg = Debug|Any CPU
		{38F2C68E-9D8A-4EC2-8BB9-B746B254C5E8}.Validate|Any CPU.Build.0 = Debug|Any CPU
		{6618171F-A2F7-4013-B893-A632AE96605A}.Debug|Any CPU.ActiveCfg = Debug|Any CPU
		{6618171F-A2F7-4013-B893-A632AE96605A}.Debug|Any CPU.Build.0 = Debug|Any CPU
		{6618171F-A2F7-4013-B893-A632AE96605A}.Release|Any CPU.ActiveCfg = Release|Any CPU
		{6618171F-A2F7-4013-B893-A632AE96605A}.Release|Any CPU.Build.0 = Release|Any CPU
		{6618171F-A2F7-4013-B893-A632AE96605A}.Validate|Any CPU.ActiveCfg = Debug|Any CPU
		{6618171F-A2F7-4013-B893-A632AE96605A}.Validate|Any CPU.Build.0 = Debug|Any CPU
	EndGlobalSection
	GlobalSection(SolutionProperties) = preSolution
		HideSolutionNode = FALSE
	EndGlobalSection
	GlobalSection(NestedProjects) = preSolution
		{504CF242-0B53-4175-BDD5-C9DDA8FFB9B0} = {5E64D8FA-6645-4EE1-845F-A09DA37F2482}
		{7BBDD335-C656-497C-BA9E-9E723A59E205} = {5E64D8FA-6645-4EE1-845F-A09DA37F2482}
		{31FAE4D1-AC1B-4D0D-ABD6-929871AC5E66} = {5E64D8FA-6645-4EE1-845F-A09DA37F2482}
		{7F2E3AFA-F8C1-4218-B675-4639BAFFB220} = {5E64D8FA-6645-4EE1-845F-A09DA37F2482}
		{B8507134-DC3E-4BA9-9393-20DC753F78A1} = {20646B03-B915-48D7-9118-58AFE02FDC0C}
		{4A567BD9-80AB-4D23-B51B-5192C3F6A975} = {20646B03-B915-48D7-9118-58AFE02FDC0C}
		{F8551A22-463F-43CC-9C2B-50F01A5BD65A} = {20646B03-B915-48D7-9118-58AFE02FDC0C}
		{4B5D34EC-58FE-4E95-8520-2D0FAB6DCFE0} = {20646B03-B915-48D7-9118-58AFE02FDC0C}
		{A4D8FDE3-7271-493F-9C77-0130867392F3} = {20646B03-B915-48D7-9118-58AFE02FDC0C}
		{599331E4-101D-4B28-BDBF-7882C663BB59} = {ACBDA220-5958-4AEC-96CF-83DC1AB888DA}
		{6E704561-F525-452E-8C0C-040D5A3C10FE} = {ACBDA220-5958-4AEC-96CF-83DC1AB888DA}
		{F1E3B086-ECE7-4D64-A101-9F10CCC4E1A4} = {40634868-C78D-4B2B-B08C-4E987CFF2A97}
		{38F2C68E-9D8A-4EC2-8BB9-B746B254C5E8} = {40634868-C78D-4B2B-B08C-4E987CFF2A97}
		{6618171F-A2F7-4013-B893-A632AE96605A} = {40A3A782-CB2E-45EF-AB7A-5ACCC1D54A9D}
	EndGlobalSection
	GlobalSection(ExtensibilityGlobals) = postSolution
		SolutionGuid = {45294AD6-9FCA-4349-830D-F7C62E6E68DD}
	EndGlobalSection
EndGlobal
